{
  "nodes": {
    "nixpkgs": {
      "locked": {
        "lastModified": 1657742560,
        "narHash": "sha256-/FwOJAAorEaqqUMW9mG6G95J0Dk2Y3EIeG+7KDjKWMI=",
        "owner": "nixos",
        "repo": "nixpkgs",
        "rev": "9154aee3bc3e527c7f052d7eea607ad883443cac",
        "type": "github"
      },
      "original": {
        "owner": "nixos",
        "repo": "nixpkgs",
        "type": "github"
      }
    },
    "root": {
      "inputs": {
        "nixpkgs": "nixpkgs"
      }
    }
  },
  "root": "root",
  "version": 7
}
